
Microsoft Visual Studio Solution File, Format Version 12.00
# Visual Studio Version 17
VisualStudioVersion = 17.5.002.0
MinimumVisualStudioVersion = 10.0.40219.1
Project("{9A19103F-16F7-4668-BE54-9A1E7A4F7556}") = "set3-övn4", "set3-övn4.csproj", "{93FE13F7-5311-46FD-8CFA-63A396CD03D3}"
EndProject
Global
	GlobalSection(SolutionConfigurationPlatforms) = preSolution
		Debug|Any CPU = Debug|Any CPU
		Release|Any CPU = Release|Any CPU
	EndGlobalSection
	GlobalSection(ProjectConfigurationPlatforms) = postSolution
		{93FE13F7-5311-46FD-8CFA-63A396CD03D3}.Debug|Any CPU.ActiveCfg = Debug|Any CPU
		{93FE13F7-5311-46FD-8CFA-63A396CD03D3}.Debug|Any CPU.Build.0 = Debug|Any CPU
		{93FE13F7-5311-46FD-8CFA-63A396CD03D3}.Release|Any CPU.ActiveCfg = Release|Any CPU
		{93FE13F7-5311-46FD-8CFA-63A396CD03D3}.Release|Any CPU.Build.0 = Release|Any CPU
	EndGlobalSection
	GlobalSection(SolutionProperties) = preSolution
		HideSolutionNode = FALSE
	EndGlobalSection
	GlobalSection(ExtensibilityGlobals) = postSolution
		SolutionGuid = {3792FB9B-243A-420E-8873-2F9AE299C6FD}
	EndGlobalSection
EndGlobal
